
Microsoft Visual Studio Solution File, Format Version 12.00
# Visual Studio Version 17
VisualStudioVersion = 17.12.35514.174 d17.12
MinimumVisualStudioVersion = 10.0.40219.1
Project("{2150E333-8FDC-42A3-9474-1A3956D46DE8}") = "src", "src", "{AF4841F4-FE69-4158-B35F-F13D6170689B}"
EndProject
Project("{FAE04EC0-301F-11D3-BF4B-00C04F79EFBC}") = "Ecommerce.Core", "Ecommerce.Core\Ecommerce.Core.csproj", "{913289D5-1A55-483C-BAA9-8AA83FFD1B67}"
EndProject
Project("{FAE04EC0-301F-11D3-BF4B-00C04F79EFBC}") = "Ecommerce.Infrastructure", "Ecommerce.Infrastructure\Ecommerce.Infrastructure.csproj", "{B9847CC5-F290-4772-B27E-373A8B7D01B4}"
EndProject
Project("{FAE04EC0-301F-11D3-BF4B-00C04F79EFBC}") = "Ecommerce.API", "Ecommerce.API\Ecommerce.API.csproj", "{68AA5AEE-E014-47A6-A62B-ED03EAD24A94}"
EndProject
Global
	GlobalSection(SolutionConfigurationPlatforms) = preSolution
		Debug|Any CPU = Debug|Any CPU
		Release|Any CPU = Release|Any CPU
	EndGlobalSection
	GlobalSection(ProjectConfigurationPlatforms) = postSolution
		{913289D5-1A55-483C-BAA9-8AA83FFD1B67}.Debug|Any CPU.ActiveCfg = Debug|Any CPU
		{913289D5-1A55-483C-BAA9-8AA83FFD1B67}.Debug|Any CPU.Build.0 = Debug|Any CPU
		{913289D5-1A55-483C-BAA9-8AA83FFD1B67}.Release|Any CPU.ActiveCfg = Release|Any CPU
		{913289D5-1A55-483C-BAA9-8AA83FFD1B67}.Release|Any CPU.Build.0 = Release|Any CPU
		{B9847CC5-F290-4772-B27E-373A8B7D01B4}.Debug|Any CPU.ActiveCfg = Debug|Any CPU
		{B9847CC5-F290-4772-B27E-373A8B7D01B4}.Debug|Any CPU.Build.0 = Debug|Any CPU
		{B9847CC5-F290-4772-B27E-373A8B7D01B4}.Release|Any CPU.ActiveCfg = Release|Any CPU
		{B9847CC5-F290-4772-B27E-373A8B7D01B4}.Release|Any CPU.Build.0 = Release|Any CPU
		{68AA5AEE-E014-47A6-A62B-ED03EAD24A94}.Debug|Any CPU.ActiveCfg = Debug|Any CPU
		{68AA5AEE-E014-47A6-A62B-ED03EAD24A94}.Debug|Any CPU.Build.0 = Debug|Any CPU
		{68AA5AEE-E014-47A6-A62B-ED03EAD24A94}.Release|Any CPU.ActiveCfg = Release|Any CPU
		{68AA5AEE-E014-47A6-A62B-ED03EAD24A94}.Release|Any CPU.Build.0 = Release|Any CPU
	EndGlobalSection
	GlobalSection(SolutionProperties) = preSolution
		HideSolutionNode = FALSE
	EndGlobalSection
	GlobalSection(NestedProjects) = preSolution
		{913289D5-1A55-483C-BAA9-8AA83FFD1B67} = {AF4841F4-FE69-4158-B35F-F13D6170689B}
		{B9847CC5-F290-4772-B27E-373A8B7D01B4} = {AF4841F4-FE69-4158-B35F-F13D6170689B}
		{68AA5AEE-E014-47A6-A62B-ED03EAD24A94} = {AF4841F4-FE69-4158-B35F-F13D6170689B}
	EndGlobalSection
EndGlobal
